
Microsoft Visual Studio Solution File, Format Version 12.00
# Visual Studio Version 17
VisualStudioVersion = 17.4.33403.182
MinimumVisualStudioVersion = 10.0.40219.1
Project("{FAE04EC0-301F-11D3-BF4B-00C04F79EFBC}") = "Foodie", "Foodie\Foodie.csproj", "{F4882FC4-D780-475C-A879-5F62EC05FF03}"
EndProject
Global
	GlobalSection(SolutionConfigurationPlatforms) = preSolution
		Debug|Any CPU = Debug|Any CPU
		Release|Any CPU = Release|Any CPU
	EndGlobalSection
	GlobalSection(ProjectConfigurationPlatforms) = postSolution
		{F4882FC4-D780-475C-A879-5F62EC05FF03}.Debug|Any CPU.ActiveCfg = Debug|Any CPU
		{F4882FC4-D780-475C-A879-5F62EC05FF03}.Debug|Any CPU.Build.0 = Debug|Any CPU
		{F4882FC4-D780-475C-A879-5F62EC05FF03}.Release|Any CPU.ActiveCfg = Release|Any CPU
		{F4882FC4-D780-475C-A879-5F62EC05FF03}.Release|Any CPU.Build.0 = Release|Any CPU
	EndGlobalSection
	GlobalSection(SolutionProperties) = preSolution
		HideSolutionNode = FALSE
	EndGlobalSection
	GlobalSection(ExtensibilityGlobals) = postSolution
		SolutionGuid = {05C6CFE5-89C8-49F6-8B43-F04D91988F7F}
	EndGlobalSection
EndGlobal
